// !$*UTF8*$!
{
	archiveVersion = 1;
	classes = {
	};
	objectVersion = 50;
	objects = {

/* Begin PBXBuildFile section */
		061DA4392490056C00629FFE /* AppDelegate.swift in Sources */ = {isa = PBXBuildFile; fileRef = 061DA4382490056C00629FFE /* AppDelegate.swift */; };
		061DA43B2490056C00629FFE /* SceneDelegate.swift in Sources */ = {isa = PBXBuildFile; fileRef = 061DA43A2490056C00629FFE /* SceneDelegate.swift */; };
		061DA43D2490056C00629FFE /* ViewController.swift in Sources */ = {isa = PBXBuildFile; fileRef = 061DA43C2490056C00629FFE /* ViewController.swift */; };
		061DA4402490056C00629FFE /* Main.storyboard in Resources */ = {isa = PBXBuildFile; fileRef = 061DA43E2490056C00629FFE /* Main.storyboard */; };
		061DA4432490056C00629FFE /* testing.xcdatamodeld in Sources */ = {isa = PBXBuildFile; fileRef = 061DA4412490056C00629FFE /* testing.xcdatamodeld */; };
		061DA4452490056F00629FFE /* Assets.xcassets in Resources */ = {isa = PBXBuildFile; fileRef = 061DA4442490056F00629FFE /* Assets.xcassets */; };
		061DA4482490056F00629FFE /* LaunchScreen.storyboard in Resources */ = {isa = PBXBuildFile; fileRef = 061DA4462490056F00629FFE /* LaunchScreen.storyboard */; };
		061DA4532490056F00629FFE /* testingTests.swift in Sources */ = {isa = PBXBuildFile; fileRef = 061DA4522490056F00629FFE /* testingTests.swift */; };
		061DA45E2490056F00629FFE /* testingUITests.swift in Sources */ = {isa = PBXBuildFile; fileRef = 061DA45D2490056F00629FFE /* testingUITests.swift */; };
/* End PBXBuildFile section */

/* Begin PBXContainerItemProxy section */
		061DA44F2490056F00629FFE /* PBXContainerItemProxy */ = {
			isa = PBXContainerItemProxy;
			containerPortal = 061DA42D2490056C00629FFE /* Project object */;
			proxyType = 1;
			remoteGlobalIDString = 061DA4342490056C00629FFE;
			remoteInfo = testing;
		};
		061DA45A2490056F00629FFE /* PBXContainerItemProxy */ = {
			isa = PBXContainerItemProxy;
			containerPortal = 061DA42D2490056C00629FFE /* Project object */;
			proxyType = 1;
			remoteGlobalIDString = 061DA4342490056C00629FFE;
			remoteInfo = testing;
		};
/* End PBXContainerItemProxy section */

/* Begin PBXFileReference section */
		061DA4352490056C00629FFE /* testing.app */ = {isa = PBXFileReference; explicitFileType = wrapper.application; includeInIndex = 0; path = testing.app; sourceTree = BUILT_PRODUCTS_DIR; };
		061DA4382490056C00629FFE /* AppDelegate.swift */ = {isa = PBXFileReference; lastKnownFileType = sourcecode.swift; path = AppDelegate.swift; sourceTree = "<group>"; };
		061DA43A2490056C00629FFE /* SceneDelegate.swift */ = {isa = PBXFileReference; lastKnownFileType = sourcecode.swift; path = SceneDelegate.swift; sourceTree = "<group>"; };
		061DA43C2490056C00629FFE /* ViewController.swift */ = {isa = PBXFileReference; lastKnownFileType = sourcecode.swift; path = ViewController.swift; sourceTree = "<group>"; };
		061DA43F2490056C00629FFE /* Base */ = {isa = PBXFileReference; lastKnownFileType = file.storyboard; name = Base; path = Base.lproj/Main.storyboard; sourceTree = "<group>"; };
		061DA4422490056C00629FFE /* testing.xcdatamodel */ = {isa = PBXFileReference; lastKnownFileType = wrapper.xcdatamodel; path = testing.xcdatamodel; sourceTree = "<group>"; };
		061DA4442490056F00629FFE /* Assets.xcassets */ = {isa = PBXFileReference; lastKnownFileType = folder.assetcatalog; path = Assets.xcassets; sourceTree = "<group>"; };
		061DA4472490056F00629FFE /* Base */ = {isa = PBXFileReference; lastKnownFileType = file.storyboard; name = Base; path = Base.lproj/LaunchScreen.storyboard; sourceTree = "<group>"; };
		061DA4492490056F00629FFE /* Info.plist */ = {isa = PBXFileReference; lastKnownFileType = text.plist.xml; path = Info.plist; sourceTree = "<group>"; };
		061DA44E2490056F00629FFE /* testingTests.xctest */ = {isa = PBXFileReference; explicitFileType = wrapper.cfbundle; includeInIndex = 0; path = testingTests.xctest; sourceTree = BUILT_PRODUCTS_DIR; };
		061DA4522490056F00629FFE /* testingTests.swift */ = {isa = PBXFileReference; lastKnownFileType = sourcecode.swift; path = testingTests.swift; sourceTree = "<group>"; };
		061DA4542490056F00629FFE /* Info.plist */ = {isa = PBXFileReference; lastKnownFileType = text.plist.xml; path = Info.plist; sourceTree = "<group>"; };
		061DA4592490056F00629FFE /* testingUITests.xctest */ = {isa = PBXFileReference; explicitFileType = wrapper.cfbundle; includeInIndex = 0; path = testingUITests.xctest; sourceTree = BUILT_PRODUCTS_DIR; };
		061DA45D2490056F00629FFE /* testingUITests.swift */ = {isa = PBXFileReference; lastKnownFileType = sourcecode.swift; path = testingUITests.swift; sourceTree = "<group>"; };
		061DA45F2490056F00629FFE /* Info.plist */ = {isa = PBXFileReference; lastKnownFileType = text.plist.xml; path = Info.plist; sourceTree = "<group>"; };
/* End PBXFileReference section */

/* Begin PBXFrameworksBuildPhase section */
		061DA4322490056C00629FFE /* Frameworks */ = {
			isa = PBXFrameworksBuildPhase;
			buildActionMask = 2147483647;
			files = (
			);
			runOnlyForDeploymentPostprocessing = 0;
		};
		061DA44B2490056F00629FFE /* Frameworks */ = {
			isa = PBXFrameworksBuildPhase;
			buildActionMask = 2147483647;
			files = (
			);
			runOnlyForDeploymentPostprocessing = 0;
		};
		061DA4562490056F00629FFE /* Frameworks */ = {
			isa = PBXFrameworksBuildPhase;
			buildActionMask = 2147483647;
			files = (
			);
			runOnlyForDeploymentPostprocessing = 0;
		};
/* End PBXFrameworksBuildPhase section */

/* Begin PBXGroup section */
		061DA42C2490056C00629FFE = {
			isa = PBXGroup;
			children = (
				061DA4372490056C00629FFE /* testing */,
				061DA4512490056F00629FFE /* testingTests */,
				061DA45C2490056F00629FFE /* testingUITests */,
				061DA4362490056C00629FFE /* Products */,
			);
			sourceTree = "<group>";
		};
		061DA4362490056C00629FFE /* Products */ = {
			isa = PBXGroup;
			children = (
				061DA4352490056C00629FFE /* testing.app */,
				061DA44E2490056F00629FFE /* testingTests.xctest */,
				061DA4592490056F00629FFE /* testingUITests.xctest */,
			);
			name = Products;
			sourceTree = "<group>";
		};
		061DA4372490056C00629FFE /* testing */ = {
			isa = PBXGroup;
			children = (
				061DA4382490056C00629FFE /* AppDelegate.swift */,
				061DA43A2490056C00629FFE /* SceneDelegate.swift */,
				061DA43C2490056C00629FFE /* ViewController.swift */,
				061DA43E2490056C00629FFE /* Main.storyboard */,
				061DA4442490056F00629FFE /* Assets.xcassets */,
				061DA4462490056F00629FFE /* LaunchScreen.storyboard */,
				061DA4492490056F00629FFE /* Info.plist */,
				061DA4412490056C00629FFE /* testing.xcdatamodeld */,
			);
			path = testing;
			sourceTree = "<group>";
		};
		061DA4512490056F00629FFE /* testingTests */ = {
			isa = PBXGroup;
			children = (
				061DA4522490056F00629FFE /* testingTests.swift */,
				061DA4542490056F00629FFE /* Info.plist */,
			);
			path = testingTests;
			sourceTree = "<group>";
		};
		061DA45C2490056F00629FFE /* testingUITests */ = {
			isa = PBXGroup;
			children = (
				061DA45D2490056F00629FFE /* testingUITests.swift */,
				061DA45F2490056F00629FFE /* Info.plist */,
			);
			path = testingUITests;
			sourceTree = "<group>";
		};
/* End PBXGroup section */

/* Begin PBXNativeTarget section */
		061DA4342490056C00629FFE /* testing */ = {
			isa = PBXNativeTarget;
			buildConfigurationList = 061DA4622490056F00629FFE /* Build configuration list for PBXNativeTarget "testing" */;
			buildPhases = (
				061DA4312490056C00629FFE /* Sources */,
				061DA4322490056C00629FFE /* Frameworks */,
				061DA4332490056C00629FFE /* Resources */,
			);
			buildRules = (
			);
			dependencies = (
			);
			name = testing;
			productName = testing;
			productReference = 061DA4352490056C00629FFE /* testing.app */;
			productType = "com.apple.product-type.application";
		};
		061DA44D2490056F00629FFE /* testingTests */ = {
			isa = PBXNativeTarget;
			buildConfigurationList = 061DA4652490056F00629FFE /* Build configuration list for PBXNativeTarget "testingTests" */;
			buildPhases = (
				061DA44A2490056F00629FFE /* Sources */,
				061DA44B2490056F00629FFE /* Frameworks */,
				061DA44C2490056F00629FFE /* Resources */,
			);
			buildRules = (
			);
			dependencies = (
				061DA4502490056F00629FFE /* PBXTargetDependency */,
			);
			name = testingTests;
			productName = testingTests;
			productReference = 061DA44E2490056F00629FFE /* testingTests.xctest */;
			productType = "com.apple.product-type.bundle.unit-test";
		};
		061DA4582490056F00629FFE /* testingUITests */ = {
			isa = PBXNativeTarget;
			buildConfigurationList = 061DA4682490056F00629FFE /* Build configuration list for PBXNativeTarget "testingUITests" */;
			buildPhases = (
				061DA4552490056F00629FFE /* Sources */,
				061DA4562490056F00629FFE /* Frameworks */,
				061DA4572490056F00629FFE /* Resources */,
			);
			buildRules = (
			);
			dependencies = (
				061DA45B2490056F00629FFE /* PBXTargetDependency */,
			);
			name = testingUITests;
			productName = testingUITests;
			productReference = 061DA4592490056F00629FFE /* testingUITests.xctest */;
			productType = "com.apple.product-type.bundle.ui-testing";
		};
/* End PBXNativeTarget section */

/* Begin PBXProject section */
		061DA42D2490056C00629FFE /* Project object */ = {
			isa = PBXProject;
			attributes = {
				LastSwiftUpdateCheck = 1150;
				LastUpgradeCheck = 1150;
				ORGANIZATIONNAME = "Katie Wang";
				TargetAttributes = {
					061DA4342490056C00629FFE = {
						CreatedOnToolsVersion = 11.5;
					};
					061DA44D2490056F00629FFE = {
						CreatedOnToolsVersion = 11.5;
						TestTargetID = 061DA4342490056C00629FFE;
					};
					061DA4582490056F00629FFE = {
						CreatedOnToolsVersion = 11.5;
						TestTargetID = 061DA4342490056C00629FFE;
					};
				};
			};
			buildConfigurationList = 061DA4302490056C00629FFE /* Build configuration list for PBXProject "testing" */;
			compatibilityVersion = "Xcode 9.3";
			developmentRegion = en;
			hasScannedForEncodings = 0;
			knownRegions = (
				en,
				Base,
			);
			mainGroup = 061DA42C2490056C00629FFE;
			productRefGroup = 061DA4362490056C00629FFE /* Products */;
			projectDirPath = "";
			projectRoot = "";
			targets = (
				061DA4342490056C00629FFE /* testing */,
				061DA44D2490056F00629FFE /* testingTests */,
				061DA4582490056F00629FFE /* testingUITests */,
			);
		};
/* End PBXProject section */

/* Begin PBXResourcesBuildPhase section */
		061DA4332490056C00629FFE /* Resources */ = {
			isa = PBXResourcesBuildPhase;
			buildActionMask = 2147483647;
			files = (
				061DA4482490056F00629FFE /* LaunchScreen.storyboard in Resources */,
				061DA4452490056F00629FFE /* Assets.xcassets in Resources */,
				061DA4402490056C00629FFE /* Main.storyboard in Resources */,
			);
			runOnlyForDeploymentPostprocessing = 0;
		};
		061DA44C2490056F00629FFE /* Resources */ = {
			isa = PBXResourcesBuildPhase;
			buildActionMask = 2147483647;
			files = (
			);
			runOnlyForDeploymentPostprocessing = 0;
		};
		061DA4572490056F00629FFE /* Resources */ = {
			isa = PBXResourcesBuildPhase;
			buildActionMask = 2147483647;
			files = (
			);
			runOnlyForDeploymentPostprocessing = 0;
		};
/* End PBXResourcesBuildPhase section */

/* Begin PBXSourcesBuildPhase section */
		061DA4312490056C00629FFE /* Sources */ = {
			isa = PBXSourcesBuildPhase;
			buildActionMask = 2147483647;
			files = (
				061DA43D2490056C00629FFE /* ViewController.swift in Sources */,
				061DA4392490056C00629FFE /* AppDelegate.swift in Sources */,
				061DA4432490056C00629FFE /* testing.xcdatamodeld in Sources */,
				061DA43B2490056C00629FFE /* SceneDelegate.swift in Sources */,
			);
			runOnlyForDeploymentPostprocessing = 0;
		};
		061DA44A2490056F00629FFE /* Sources */ = {
			isa = PBXSourcesBuildPhase;
			buildActionMask = 2147483647;
			files = (
				061DA4532490056F00629FFE /* testingTests.swift in Sources */,
			);
			runOnlyForDeploymentPostprocessing = 0;
		};
		061DA4552490056F00629FFE /* Sources */ = {
			isa = PBXSourcesBuildPhase;
			buildActionMask = 2147483647;
			files = (
				061DA45E2490056F00629FFE /* testingUITests.swift in Sources */,
			);
			runOnlyForDeploymentPostprocessing = 0;
		};
/* End PBXSourcesBuildPhase section */

/* Begin PBXTargetDependency section */
		061DA4502490056F00629FFE /* PBXTargetDependency */ = {
			isa = PBXTargetDependency;
			target = 061DA4342490056C00629FFE /* testing */;
			targetProxy = 061DA44F2490056F00629FFE /* PBXContainerItemProxy */;
		};
		061DA45B2490056F00629FFE /* PBXTargetDependency */ = {
			isa = PBXTargetDependency;
			target = 061DA4342490056C00629FFE /* testing */;
			targetProxy = 061DA45A2490056F00629FFE /* PBXContainerItemProxy */;
		};
/* End PBXTargetDependency section */

/* Begin PBXVariantGroup section */
		061DA43E2490056C00629FFE /* Main.storyboard */ = {
			isa = PBXVariantGroup;
			children = (
				061DA43F2490056C00629FFE /* Base */,
			);
			name = Main.storyboard;
			sourceTree = "<group>";
		};
		061DA4462490056F00629FFE /* LaunchScreen.storyboard */ = {
			isa = PBXVariantGroup;
			children = (
				061DA4472490056F00629FFE /* Base */,
			);
			name = LaunchScreen.storyboard;
			sourceTree = "<group>";
		};
/* End PBXVariantGroup section */

/* Begin XCBuildConfiguration section */
		061DA4602490056F00629FFE /* Debug */ = {
			isa = XCBuildConfiguration;
			buildSettings = {
				ALWAYS_SEARCH_USER_PATHS = NO;
				CLANG_ANALYZER_NONNULL = YES;
				CLANG_ANALYZER_NUMBER_OBJECT_CONVERSION = YES_AGGRESSIVE;
				CLANG_CXX_LANGUAGE_STANDARD = "gnu++14";
				CLANG_CXX_LIBRARY = "libc++";
				CLANG_ENABLE_MODULES = YES;
				CLANG_ENABLE_OBJC_ARC = YES;
				CLANG_ENABLE_OBJC_WEAK = YES;
				CLANG_WARN_BLOCK_CAPTURE_AUTORELEASING = YES;
				CLANG_WARN_BOOL_CONVERSION = YES;
				CLANG_WARN_COMMA = YES;
				CLANG_WARN_CONSTANT_CONVERSION = YES;
				CLANG_WARN_DEPRECATED_OBJC_IMPLEMENTATIONS = YES;
				CLANG_WARN_DIRECT_OBJC_ISA_USAGE = YES_ERROR;
				CLANG_WARN_DOCUMENTATION_COMMENTS = YES;
				CLANG_WARN_EMPTY_BODY = YES;
				CLANG_WARN_ENUM_CONVERSION = YES;
				CLANG_WARN_INFINITE_RECURSION = YES;
				CLANG_WARN_INT_CONVERSION = YES;
				CLANG_WARN_NON_LITERAL_NULL_CONVERSION = YES;
				CLANG_WARN_OBJC_IMPLICIT_RETAIN_SELF = YES;
				CLANG_WARN_OBJC_LITERAL_CONVERSION = YES;
				CLANG_WARN_OBJC_ROOT_CLASS = YES_ERROR;
				CLANG_WARN_RANGE_LOOP_ANALYSIS = YES;
				CLANG_WARN_STRICT_PROTOTYPES = YES;
				CLANG_WARN_SUSPICIOUS_MOVE = YES;
				CLANG_WARN_UNGUARDED_AVAILABILITY = YES_AGGRESSIVE;
				CLANG_WARN_UNREACHABLE_CODE = YES;
				CLANG_WARN__DUPLICATE_METHOD_MATCH = YES;
				COPY_PHASE_STRIP = NO;
				DEBUG_INFORMATION_FORMAT = dwarf;
				ENABLE_STRICT_OBJC_MSGSEND = YES;
				ENABLE_TESTABILITY = YES;
				GCC_C_LANGUAGE_STANDARD = gnu11;
				GCC_DYNAMIC_NO_PIC = NO;
				GCC_NO_COMMON_BLOCKS = YES;
				GCC_OPTIMIZATION_LEVEL = 0;
				GCC_PREPROCESSOR_DEFINITIONS = (
					"DEBUG=1",
					"$(inherited)",
				);
				GCC_WARN_64_TO_32_BIT_CONVERSION = YES;
				GCC_WARN_ABOUT_RETURN_TYPE = YES_ERROR;
				GCC_WARN_UNDECLARED_SELECTOR = YES;
				GCC_WARN_UNINITIALIZED_AUTOS = YES_AGGRESSIVE;
				GCC_WARN_UNUSED_FUNCTION = YES;
				GCC_WARN_UNUSED_VARIABLE = YES;
				IPHONEOS_DEPLOYMENT_TARGET = 13.5;
				MTL_ENABLE_DEBUG_INFO = INCLUDE_SOURCE;
				MTL_FAST_MATH = YES;
				ONLY_ACTIVE_ARCH = YES;
				SDKROOT = iphoneos;
				SWIFT_ACTIVE_COMPILATION_CONDITIONS = DEBUG;
				SWIFT_OPTIMIZATION_LEVEL = "-Onone";
			};
			name = Debug;
		};
		061DA4612490056F00629FFE /* Release */ = {
			isa = XCBuildConfiguration;
			buildSettings = {
				ALWAYS_SEARCH_USER_PATHS = NO;
				CLANG_ANALYZER_NONNULL = YES;
				CLANG_ANALYZER_NUMBER_OBJECT_CONVERSION = YES_AGGRESSIVE;
				CLANG_CXX_LANGUAGE_STANDARD = "gnu++14";
				CLANG_CXX_LIBRARY = "libc++";
				CLANG_ENABLE_MODULES = YES;
				CLANG_ENABLE_OBJC_ARC = YES;
				CLANG_ENABLE_OBJC_WEAK = YES;
				CLANG_WARN_BLOCK_CAPTURE_AUTORELEASING = YES;
				CLANG_WARN_BOOL_CONVERSION = YES;
				CLANG_WARN_COMMA = YES;
				CLANG_WARN_CONSTANT_CONVERSION = YES;
				CLANG_WARN_DEPRECATED_OBJC_IMPLEMENTATIONS = YES;
				CLANG_WARN_DIRECT_OBJC_ISA_USAGE = YES_ERROR;
				CLANG_WARN_DOCUMENTATION_COMMENTS = YES;
				CLANG_WARN_EMPTY_BODY = YES;
				CLANG_WARN_ENUM_CONVERSION = YES;
				CLANG_WARN_INFINITE_RECURSION = YES;
				CLANG_WARN_INT_CONVERSION = YES;
				CLANG_WARN_NON_LITERAL_NULL_CONVERSION = YES;
				CLANG_WARN_OBJC_IMPLICIT_RETAIN_SELF = YES;
				CLANG_WARN_OBJC_LITERAL_CONVERSION = YES;
				CLANG_WARN_OBJC_ROOT_CLASS = YES_ERROR;
				CLANG_WARN_RANGE_LOOP_ANALYSIS = YES;
				CLANG_WARN_STRICT_PROTOTYPES = YES;
				CLANG_WARN_SUSPICIOUS_MOVE = YES;
				CLANG_WARN_UNGUARDED_AVAILABILITY = YES_AGGRESSIVE;
				CLANG_WARN_UNREACHABLE_CODE = YES;
				CLANG_WARN__DUPLICATE_METHOD_MATCH = YES;
				COPY_PHASE_STRIP = NO;
				DEBUG_INFORMATION_FORMAT = "dwarf-with-dsym";
				ENABLE_NS_ASSERTIONS = NO;
				ENABLE_STRICT_OBJC_MSGSEND = YES;
				GCC_C_LANGUAGE_STANDARD = gnu11;
				GCC_NO_COMMON_BLOCKS = YES;
				GCC_WARN_64_TO_32_BIT_CONVERSION = YES;
				GCC_WARN_ABOUT_RETURN_TYPE = YES_ERROR;
				GCC_WARN_UNDECLARED_SELECTOR = YES;
				GCC_WARN_UNINITIALIZED_AUTOS = YES_AGGRESSIVE;
				GCC_WARN_UNUSED_FUNCTION = YES;
				GCC_WARN_UNUSED_VARIABLE = YES;
				IPHONEOS_DEPLOYMENT_TARGET = 13.5;
				MTL_ENABLE_DEBUG_INFO = NO;
				MTL_FAST_MATH = YES;
				SDKROOT = iphoneos;
				SWIFT_COMPILATION_MODE = wholemodule;
				SWIFT_OPTIMIZATION_LEVEL = "-O";
				VALIDATE_PRODUCT = YES;
			};
			name = Release;
		};
		061DA4632490056F00629FFE /* Debug */ = {
			isa = XCBuildConfiguration;
			buildSettings = {
				ASSETCATALOG_COMPILER_APPICON_NAME = AppIcon;
				CODE_SIGN_STYLE = Automatic;
				INFOPLIST_FILE = testing/Info.plist;
				LD_RUNPATH_SEARCH_PATHS = (
					"$(inherited)",
					"@executable_path/Frameworks",
				);
				PRODUCT_BUNDLE_IDENTIFIER = Katie.testing;
				PRODUCT_NAME = "$(TARGET_NAME)";
				SWIFT_VERSION = 5.0;
				TARGETED_DEVICE_FAMILY = "1,2";
			};
			name = Debug;
		};
		061DA4642490056F00629FFE /* Release */ = {
			isa = XCBuildConfiguration;
			buildSettings = {
				ASSETCATALOG_COMPILER_APPICON_NAME = AppIcon;
				CODE_SIGN_STYLE = Automatic;
				INFOPLIST_FILE = testing/Info.plist;
				LD_RUNPATH_SEARCH_PATHS = (
					"$(inherited)",
					"@executable_path/Frameworks",
				);
				PRODUCT_BUNDLE_IDENTIFIER = Katie.testing;
				PRODUCT_NAME = "$(TARGET_NAME)";
				SWIFT_VERSION = 5.0;
				TARGETED_DEVICE_FAMILY = "1,2";
			};
			name = Release;
		};
		061DA4662490056F00629FFE /* Debug */ = {
			isa = XCBuildConfiguration;
			buildSettings = {
				ALWAYS_EMBED_SWIFT_STANDARD_LIBRARIES = YES;
				BUNDLE_LOADER = "$(TEST_HOST)";
				CODE_SIGN_STYLE = Automatic;
				INFOPLIST_FILE = testingTests/Info.plist;
				IPHONEOS_DEPLOYMENT_TARGET = 13.5;
				LD_RUNPATH_SEARCH_PATHS = (
					"$(inherited)",
					"@executable_path/Frameworks",
					"@loader_path/Frameworks",
				);
				PRODUCT_BUNDLE_IDENTIFIER = Katie.testingTests;
				PRODUCT_NAME = "$(TARGET_NAME)";
				SWIFT_VERSION = 5.0;
				TARGETED_DEVICE_FAMILY = "1,2";
				TEST_HOST = "$(BUILT_PRODUCTS_DIR)/testing.app/testing";
			};
			name = Debug;
		};
		061DA4672490056F00629FFE /* Release */ = {
			isa = XCBuildConfiguration;
			buildSettings = {
				ALWAYS_EMBED_SWIFT_STANDARD_LIBRARIES = YES;
				BUNDLE_LOADER = "$(TEST_HOST)";
				CODE_SIGN_STYLE = Automatic;
				INFOPLIST_FILE = testingTests/Info.plist;
				IPHONEOS_DEPLOYMENT_TARGET = 13.5;
				LD_RUNPATH_SEARCH_PATHS = (
					"$(inherited)",
					"@executable_path/Frameworks",
					"@loader_path/Frameworks",
				);
				PRODUCT_BUNDLE_IDENTIFIER = Katie.testingTests;
				PRODUCT_NAME = "$(TARGET_NAME)";
				SWIFT_VERSION = 5.0;
				TARGETED_DEVICE_FAMILY = "1,2";
				TEST_HOST = "$(BUILT_PRODUCTS_DIR)/testing.app/testing";
			};
			name = Release;
		};
		061DA4692490056F00629FFE /* Debug */ = {
			isa = XCBuildConfiguration;
			buildSettings = {
				ALWAYS_EMBED_SWIFT_STANDARD_LIBRARIES = YES;
				CODE_SIGN_STYLE = Automatic;
				INFOPLIST_FILE = testingUITests/Info.plist;
				LD_RUNPATH_SEARCH_PATHS = (
					"$(inherited)",
					"@executable_path/Frameworks",
					"@loader_path/Frameworks",
				);
				PRODUCT_BUNDLE_IDENTIFIER = Katie.testingUITests;
				PRODUCT_NAME = "$(TARGET_NAME)";
				SWIFT_VERSION = 5.0;
				TARGETED_DEVICE_FAMILY = "1,2";
				TEST_TARGET_NAME = testing;
			};
			name = Debug;
		};
		061DA46A2490056F00629FFE /* Release */ = {
			isa = XCBuildConfiguration;
			buildSettings = {
				ALWAYS_EMBED_SWIFT_STANDARD_LIBRARIES = YES;
				CODE_SIGN_STYLE = Automatic;
				INFOPLIST_FILE = testingUITests/Info.plist;
				LD_RUNPATH_SEARCH_PATHS = (
					"$(inherited)",
					"@executable_path/Frameworks",
					"@loader_path/Frameworks",
				);
				PRODUCT_BUNDLE_IDENTIFIER = Katie.testingUITests;
				PRODUCT_NAME = "$(TARGET_NAME)";
				SWIFT_VERSION = 5.0;
				TARGETED_DEVICE_FAMILY = "1,2";
				TEST_TARGET_NAME = testing;
			};
			name = Release;
		};
/* End XCBuildConfiguration section */

/* Begin XCConfigurationList section */
		061DA4302490056C00629FFE /* Build configuration list for PBXProject "testing" */ = {
			isa = XCConfigurationList;
			buildConfigurations = (
				061DA4602490056F00629FFE /* Debug */,
				061DA4612490056F00629FFE /* Release */,
			);
			defaultConfigurationIsVisible = 0;
			defaultConfigurationName = Release;
		};
		061DA4622490056F00629FFE /* Build configuration list for PBXNativeTarget "testing" */ = {
			isa = XCConfigurationList;
			buildConfigurations = (
				061DA4632490056F00629FFE /* Debug */,
				061DA4642490056F00629FFE /* Release */,
			);
			defaultConfigurationIsVisible = 0;
			defaultConfigurationName = Release;
		};
		061DA4652490056F00629FFE /* Build configuration list for PBXNativeTarget "testingTests" */ = {
			isa = XCConfigurationList;
			buildConfigurations = (
				061DA4662490056F00629FFE /* Debug */,
				061DA4672490056F00629FFE /* Release */,
			);
			defaultConfigurationIsVisible = 0;
			defaultConfigurationName = Release;
		};
		061DA4682490056F00629FFE /* Build configuration list for PBXNativeTarget "testingUITests" */ = {
			isa = XCConfigurationList;
			buildConfigurations = (
				061DA4692490056F00629FFE /* Debug */,
				061DA46A2490056F00629FFE /* Release */,
			);
			defaultConfigurationIsVisible = 0;
			defaultConfigurationName = Release;
		};
/* End XCConfigurationList section */

/* Begin XCVersionGroup section */
		061DA4412490056C00629FFE /* testing.xcdatamodeld */ = {
			isa = XCVersionGroup;
			children = (
				061DA4422490056C00629FFE /* testing.xcdatamodel */,
			);
			currentVersion = 061DA4422490056C00629FFE /* testing.xcdatamodel */;
			path = testing.xcdatamodeld;
			sourceTree = "<group>";
			versionGroupType = wrapper.xcdatamodel;
		};
/* End XCVersionGroup section */
	};
	rootObject = 061DA42D2490056C00629FFE /* Project object */;
}
